
Microsoft Visual Studio Solution File, Format Version 12.00
# Visual Studio 15
VisualStudioVersion = 15.0.27130.2020
MinimumVisualStudioVersion = 10.0.40219.1
Project("{FAE04EC0-301F-11D3-BF4B-00C04F79EFBC}") = "nServer", "nServer\nServer.csproj", "{E23178DF-3A27-4BE6-93E7-DCEDBAB12920}"
EndProject
Global
	GlobalSection(SolutionConfigurationPlatforms) = preSolution
		Debug|Any CPU = Debug|Any CPU
		Release|Any CPU = Release|Any CPU
	EndGlobalSection
	GlobalSection(ProjectConfigurationPlatforms) = postSolution
		{E23178DF-3A27-4BE6-93E7-DCEDBAB12920}.Debug|Any CPU.ActiveCfg = Debug|Any CPU
		{E23178DF-3A27-4BE6-93E7-DCEDBAB12920}.Debug|Any CPU.Build.0 = Debug|Any CPU
		{E23178DF-3A27-4BE6-93E7-DCEDBAB12920}.Release|Any CPU.ActiveCfg = Release|Any CPU
		{E23178DF-3A27-4BE6-93E7-DCEDBAB12920}.Release|Any CPU.Build.0 = Release|Any CPU
	EndGlobalSection
	GlobalSection(SolutionProperties) = preSolution
		HideSolutionNode = FALSE
	EndGlobalSection
	GlobalSection(ExtensibilityGlobals) = postSolution
		SolutionGuid = {4D13A460-752F-4798-8B38-7FB3B4591373}
	EndGlobalSection
EndGlobal
